PODS:
  - Alamofire (3.1.1)
  - Expecta (1.0.3)
  - Genome (1.0.4)
  - Nuke (1.1.1)
  - OCMock (3.2)
  - OHHTTPStubs (4.5.1):
    - OHHTTPStubs/Default (= 4.5.1)
  - OHHTTPStubs/Core (4.5.1)
  - OHHTTPStubs/Default (4.5.1):
    - OHHTTPStubs/Core
    - OHHTTPStubs/JSON
    - OHHTTPStubs/NSURLSession
    - OHHTTPStubs/OHPathHelpers
  - OHHTTPStubs/JSON (4.5.1):
    - OHHTTPStubs/Core
  - OHHTTPStubs/NSURLSession (4.5.1):
    - OHHTTPStubs/Core
  - OHHTTPStubs/OHPathHelpers (4.5.1)
  - Specta (1.0.4)
  - SwiftDate (1.2)
  - Swinject (0.4)
  - TagListView (0.3.1)

DEPENDENCIES:
  - Alamofire
  - Expecta
  - Genome
  - Nuke
  - OCMock
  - OHHTTPStubs
  - Specta
  - SwiftDate
  - Swinject
  - TagListView

SPEC CHECKSUMS:
  Alamofire: 9b0a7188b961a03914a99304488bd226b0e46c0e
  Expecta: 9d1bff6c8b0eeee73a166a2ee898892478927a15
  Genome: f0e4174695eb73d72398500417e4f61a0958e97b
  Nuke: ec41b6486f31622acedb3ca82ebf1cb7914bd472
  OCMock: 28def049ef47f996b515a8eeea958be7ccab2dbb
  OHHTTPStubs: f9ed5d0574877f6008261de9c2728cc1662a6566
  Specta: 69bb134672aae190a1379ff91df07dad8dd1f869
  SwiftDate: 49ebd4efb5f82336cfc2b1d8a6622f47d4b17370
  Swinject: 43b52510d9369fa36c0ea0f013f0c0fd1037f2be
  TagListView: 17ceea2f6a4eac2bb31fe5faa9c0903a2428e64b

COCOAPODS: 0.39.0
