// !$*UTF8*$!
{
	archiveVersion = 1;
	classes = {
	};
	objectVersion = 46;
	objects = {

/* Begin PBXBuildFile section */
		169EE6A364D552D60A30B5AC /* Settings.bundle in Resources */ = {isa = PBXBuildFile; fileRef = BAE3613970254AB94861FCF3 /* Settings.bundle */; };
		179B00CCAFB89572EF91E018 /* Foundation.framework in Frameworks */ = {isa = PBXBuildFile; fileRef = 5C848E86E3C859CC5B5E7DB6 /* Foundation.framework */; };
		2DBAC5DABFA8CAD3ECFCA8CE /* LaunchScreen.storyboard in Resources */ = {isa = PBXBuildFile; fileRef = 71A63FA2705E604F67D573FA /* LaunchScreen.storyboard */; };
		3BE6AE63794269F1846C7036 /* AppDelegate.swift in Sources */ = {isa = PBXBuildFile; fileRef = 2C20CCA0286440486636BD84 /* AppDelegate.swift */; };
		AD05C1EE1BECDB6B000DA53F /* HElabsChallengeModel.xcdatamodeld in Sources */ = {isa = PBXBuildFile; fileRef = AD05C1EC1BECDB6B000DA53F /* HElabsChallengeModel.xcdatamodeld */; };
		AD05C1F11BECDC35000DA53F /* CoreDataStack.swift in Sources */ = {isa = PBXBuildFile; fileRef = AD05C1F01BECDC35000DA53F /* CoreDataStack.swift */; };
		AD05C1F41BECEAF9000DA53F /* FavoriteShowModel.swift in Sources */ = {isa = PBXBuildFile; fileRef = AD05C1F31BECEAF9000DA53F /* FavoriteShowModel.swift */; };
		AD07E9271BEAA043009AC13B /* ShowDetailWireframe.swift in Sources */ = {isa = PBXBuildFile; fileRef = AD07E9261BEAA043009AC13B /* ShowDetailWireframe.swift */; };
		AD07E9291BEAA04F009AC13B /* ShowDetailInteractorIO.swift in Sources */ = {isa = PBXBuildFile; fileRef = AD07E9281BEAA04F009AC13B /* ShowDetailInteractorIO.swift */; };
		AD07E92B1BEAA057009AC13B /* ShowDetailInteractor.swift in Sources */ = {isa = PBXBuildFile; fileRef = AD07E92A1BEAA057009AC13B /* ShowDetailInteractor.swift */; };
		AD07E92D1BEAA060009AC13B /* ShowDetailPresenter.swift in Sources */ = {isa = PBXBuildFile; fileRef = AD07E92C1BEAA060009AC13B /* ShowDetailPresenter.swift */; };
		AD07E92F1BEAA069009AC13B /* ShowDetailInterface.swift in Sources */ = {isa = PBXBuildFile; fileRef = AD07E92E1BEAA069009AC13B /* ShowDetailInterface.swift */; };
		AD07E9311BEAA077009AC13B /* ShowDetailVC.swift in Sources */ = {isa = PBXBuildFile; fileRef = AD07E9301BEAA077009AC13B /* ShowDetailVC.swift */; };
		AD14DF381BEB9F46006A9F78 /* ShowDetailViewModel.swift in Sources */ = {isa = PBXBuildFile; fileRef = AD14DF371BEB9F46006A9F78 /* ShowDetailViewModel.swift */; };
		AD14DF3E1BEBC4AB006A9F78 /* Episode.swift in Sources */ = {isa = PBXBuildFile; fileRef = AD14DF3D1BEBC4AB006A9F78 /* Episode.swift */; };
		ADE71DA11BEA27E10016A22F /* DIContainer.swift in Sources */ = {isa = PBXBuildFile; fileRef = ADE71DA01BEA27E10016A22F /* DIContainer.swift */; };
		ADE71DA41BEA28470016A22F /* RootWireframe.swift in Sources */ = {isa = PBXBuildFile; fileRef = ADE71DA31BEA28470016A22F /* RootWireframe.swift */; };
		ADE71DAA1BEA295D0016A22F /* ListShowsWireframe.swift in Sources */ = {isa = PBXBuildFile; fileRef = ADE71DA91BEA295D0016A22F /* ListShowsWireframe.swift */; };
		ADE71DAC1BEA2A260016A22F /* ListShowsInteractorIO.swift in Sources */ = {isa = PBXBuildFile; fileRef = ADE71DAB1BEA2A260016A22F /* ListShowsInteractorIO.swift */; };
		ADE71DAE1BEA2A310016A22F /* ListShowsInteractor.swift in Sources */ = {isa = PBXBuildFile; fileRef = ADE71DAD1BEA2A310016A22F /* ListShowsInteractor.swift */; };
		ADE71DB01BEA2A3E0016A22F /* ListShowsPresenter.swift in Sources */ = {isa = PBXBuildFile; fileRef = ADE71DAF1BEA2A3E0016A22F /* ListShowsPresenter.swift */; };
		ADE71DB21BEA2A5D0016A22F /* ListShowsInterface.swift in Sources */ = {isa = PBXBuildFile; fileRef = ADE71DB11BEA2A5D0016A22F /* ListShowsInterface.swift */; };
		ADE71DB41BEA2A680016A22F /* ListShowsViewModel.swift in Sources */ = {isa = PBXBuildFile; fileRef = ADE71DB31BEA2A680016A22F /* ListShowsViewModel.swift */; };
		ADE71DB61BEA2A7A0016A22F /* ListShowsVC.swift in Sources */ = {isa = PBXBuildFile; fileRef = ADE71DB51BEA2A7A0016A22F /* ListShowsVC.swift */; };
		ADE71DB91BEA2B080016A22F /* ListShows.storyboard in Resources */ = {isa = PBXBuildFile; fileRef = ADE71DB81BEA2B080016A22F /* ListShows.storyboard */; };
		ADE71DBC1BEA3A5D0016A22F /* APIClient.swift in Sources */ = {isa = PBXBuildFile; fileRef = ADE71DBB1BEA3A5D0016A22F /* APIClient.swift */; };
		ADE71DBE1BEA3A820016A22F /* DataManagerInterface.swift in Sources */ = {isa = PBXBuildFile; fileRef = ADE71DBD1BEA3A820016A22F /* DataManagerInterface.swift */; };
		ADE71DC21BEA41000016A22F /* TVShow.swift in Sources */ = {isa = PBXBuildFile; fileRef = ADE71DC11BEA41000016A22F /* TVShow.swift */; };
		ADE71DC41BEA435F0016A22F /* APIRouter.swift in Sources */ = {isa = PBXBuildFile; fileRef = ADE71DC31BEA435F0016A22F /* APIRouter.swift */; };
		ADE71DC71BEA482D0016A22F /* TVShowCell.swift in Sources */ = {isa = PBXBuildFile; fileRef = ADE71DC61BEA482D0016A22F /* TVShowCell.swift */; };
		AE83B50CFDD9708AEEE2AC1C /* Pods_unit_tests.framework in Frameworks */ = {isa = PBXBuildFile; fileRef = 2A6D6BCEF69E32030CED8900 /* Pods_unit_tests.framework */; };
		AFAE2D2859301AE54FB6B045 /* Main.storyboard in Resources */ = {isa = PBXBuildFile; fileRef = 582027580B043A3DFFE59072 /* Main.storyboard */; };
		B824AF4A33B31BDDD38AFE54 /* Assets.xcassets in Resources */ = {isa = PBXBuildFile; fileRef = C7B3F029152CC63D2D862F02 /* Assets.xcassets */; };
		E19320328541A763BD37ECAC /* Pods_HElabsChallenge.framework in Frameworks */ = {isa = PBXBuildFile; fileRef = 1D1A525E8DE1852CE8F97307 /* Pods_HElabsChallenge.framework */; };
/* End PBXBuildFile section */

/* Begin PBXContainerItemProxy section */
		1E3D28C04AC18BE777036E71 /* PBXContainerItemProxy */ = {
			isa = PBXContainerItemProxy;
			containerPortal = 1291BAF489AC3D6A12421EB6 /* Project object */;
			proxyType = 1;
			remoteGlobalIDString = 5B48B997EBB8033BCD89AA7D;
			remoteInfo = HElabsChallenge;
		};
/* End PBXContainerItemProxy section */

/* Begin PBXFileReference section */
		0A3B8F88404FEF24D59A1A2B /* UnitTests-Info.plist */ = {isa = PBXFileReference; includeInIndex = 1; lastKnownFileType = text.plist.xml; path = "UnitTests-Info.plist"; sourceTree = "<group>"; };
		1B503046987A3DD53EC44C70 /* Pods-unit_tests.release.xcconfig */ = {isa = PBXFileReference; includeInIndex = 1; lastKnownFileType = text.xcconfig; name = "Pods-unit_tests.release.xcconfig"; path = "Pods/Target Support Files/Pods-unit_tests/Pods-unit_tests.release.xcconfig"; sourceTree = "<group>"; };
		1D1A525E8DE1852CE8F97307 /* Pods_HElabsChallenge.framework */ = {isa = PBXFileReference; explicitFileType = wrapper.framework; includeInIndex = 0; path = Pods_HElabsChallenge.framework; sourceTree = BUILT_PRODUCTS_DIR; };
		22CDB03F371CDC4C0312B9BD /* Pods-unit_tests.debug.xcconfig */ = {isa = PBXFileReference; includeInIndex = 1; lastKnownFileType = text.xcconfig; name = "Pods-unit_tests.debug.xcconfig"; path = "Pods/Target Support Files/Pods-unit_tests/Pods-unit_tests.debug.xcconfig"; sourceTree = "<group>"; };
		2A6D6BCEF69E32030CED8900 /* Pods_unit_tests.framework */ = {isa = PBXFileReference; explicitFileType = wrapper.framework; includeInIndex = 0; path = Pods_unit_tests.framework; sourceTree = BUILT_PRODUCTS_DIR; };
		2C20CCA0286440486636BD84 /* AppDelegate.swift */ = {isa = PBXFileReference; includeInIndex = 1; lastKnownFileType = sourcecode.swift; path = AppDelegate.swift; sourceTree = "<group>"; };
		42EC8AACED8DD39EA53DB3AF /* Info.plist */ = {isa = PBXFileReference; includeInIndex = 1; lastKnownFileType = text.plist.xml; path = Info.plist; sourceTree = "<group>"; };
		4E3EB7FD928D54CF83F91D30 /* Pods-HElabsChallenge.release.xcconfig */ = {isa = PBXFileReference; includeInIndex = 1; lastKnownFileType = text.xcconfig; name = "Pods-HElabsChallenge.release.xcconfig"; path = "Pods/Target Support Files/Pods-HElabsChallenge/Pods-HElabsChallenge.release.xcconfig"; sourceTree = "<group>"; };
		582027580B043A3DFFE59072 /* Main.storyboard */ = {isa = PBXFileReference; includeInIndex = 1; lastKnownFileType = file.storyboard; path = Main.storyboard; sourceTree = "<group>"; };
		5C848E86E3C859CC5B5E7DB6 /* Foundation.framework */ = {isa = PBXFileReference; lastKnownFileType = wrapper.framework; name = Foundation.framework; path = Platforms/iPhoneOS.platform/Developer/SDKs/iPhoneOS9.0.sdk/System/Library/Frameworks/Foundation.framework; sourceTree = DEVELOPER_DIR; };
		71A63FA2705E604F67D573FA /* LaunchScreen.storyboard */ = {isa = PBXFileReference; includeInIndex = 1; lastKnownFileType = file.storyboard; path = LaunchScreen.storyboard; sourceTree = "<group>"; };
		AD05C1ED1BECDB6B000DA53F /* HElabsChallengeModel.xcdatamodel */ = {isa = PBXFileReference; lastKnownFileType = wrapper.xcdatamodel; path = HElabsChallengeModel.xcdatamodel; sourceTree = "<group>"; };
		AD05C1F01BECDC35000DA53F /* CoreDataStack.swift */ = {isa = PBXFileReference; fileEncoding = 4; lastKnownFileType = sourcecode.swift; path = CoreDataStack.swift; sourceTree = "<group>"; };
		AD05C1F31BECEAF9000DA53F /* FavoriteShowModel.swift */ = {isa = PBXFileReference; fileEncoding = 4; lastKnownFileType = sourcecode.swift; path = FavoriteShowModel.swift; sourceTree = "<group>"; };
		AD07E9261BEAA043009AC13B /* ShowDetailWireframe.swift */ = {isa = PBXFileReference; fileEncoding = 4; lastKnownFileType = sourcecode.swift; path = ShowDetailWireframe.swift; sourceTree = "<group>"; };
		AD07E9281BEAA04F009AC13B /* ShowDetailInteractorIO.swift */ = {isa = PBXFileReference; fileEncoding = 4; lastKnownFileType = sourcecode.swift; path = ShowDetailInteractorIO.swift; sourceTree = "<group>"; };
		AD07E92A1BEAA057009AC13B /* ShowDetailInteractor.swift */ = {isa = PBXFileReference; fileEncoding = 4; lastKnownFileType = sourcecode.swift; path = ShowDetailInteractor.swift; sourceTree = "<group>"; };
		AD07E92C1BEAA060009AC13B /* ShowDetailPresenter.swift */ = {isa = PBXFileReference; fileEncoding = 4; lastKnownFileType = sourcecode.swift; path = ShowDetailPresenter.swift; sourceTree = "<group>"; };
		AD07E92E1BEAA069009AC13B /* ShowDetailInterface.swift */ = {isa = PBXFileReference; fileEncoding = 4; lastKnownFileType = sourcecode.swift; path = ShowDetailInterface.swift; sourceTree = "<group>"; };
		AD07E9301BEAA077009AC13B /* ShowDetailVC.swift */ = {isa = PBXFileReference; fileEncoding = 4; lastKnownFileType = sourcecode.swift; path = ShowDetailVC.swift; sourceTree = "<group>"; };
		AD14DF371BEB9F46006A9F78 /* ShowDetailViewModel.swift */ = {isa = PBXFileReference; fileEncoding = 4; lastKnownFileType = sourcecode.swift; path = ShowDetailViewModel.swift; sourceTree = "<group>"; };
		AD14DF3D1BEBC4AB006A9F78 /* Episode.swift */ = {isa = PBXFileReference; fileEncoding = 4; lastKnownFileType = sourcecode.swift; path = Episode.swift; sourceTree = "<group>"; };
		ADE71DA01BEA27E10016A22F /* DIContainer.swift */ = {isa = PBXFileReference; fileEncoding = 4; lastKnownFileType = sourcecode.swift; path = DIContainer.swift; sourceTree = "<group>"; };
		ADE71DA31BEA28470016A22F /* RootWireframe.swift */ = {isa = PBXFileReference; fileEncoding = 4; lastKnownFileType = sourcecode.swift; path = RootWireframe.swift; sourceTree = "<group>"; };
		ADE71DA91BEA295D0016A22F /* ListShowsWireframe.swift */ = {isa = PBXFileReference; fileEncoding = 4; lastKnownFileType = sourcecode.swift; path = ListShowsWireframe.swift; sourceTree = "<group>"; };
		ADE71DAB1BEA2A260016A22F /* ListShowsInteractorIO.swift */ = {isa = PBXFileReference; fileEncoding = 4; lastKnownFileType = sourcecode.swift; path = ListShowsInteractorIO.swift; sourceTree = "<group>"; };
		ADE71DAD1BEA2A310016A22F /* ListShowsInteractor.swift */ = {isa = PBXFileReference; fileEncoding = 4; lastKnownFileType = sourcecode.swift; path = ListShowsInteractor.swift; sourceTree = "<group>"; };
		ADE71DAF1BEA2A3E0016A22F /* ListShowsPresenter.swift */ = {isa = PBXFileReference; fileEncoding = 4; lastKnownFileType = sourcecode.swift; path = ListShowsPresenter.swift; sourceTree = "<group>"; };
		ADE71DB11BEA2A5D0016A22F /* ListShowsInterface.swift */ = {isa = PBXFileReference; fileEncoding = 4; lastKnownFileType = sourcecode.swift; path = ListShowsInterface.swift; sourceTree = "<group>"; };
		ADE71DB31BEA2A680016A22F /* ListShowsViewModel.swift */ = {isa = PBXFileReference; fileEncoding = 4; lastKnownFileType = sourcecode.swift; path = ListShowsViewModel.swift; sourceTree = "<group>"; };
		ADE71DB51BEA2A7A0016A22F /* ListShowsVC.swift */ = {isa = PBXFileReference; fileEncoding = 4; lastKnownFileType = sourcecode.swift; path = ListShowsVC.swift; sourceTree = "<group>"; };
		ADE71DB81BEA2B080016A22F /* ListShows.storyboard */ = {isa = PBXFileReference; fileEncoding = 4; lastKnownFileType = file.storyboard; path = ListShows.storyboard; sourceTree = "<group>"; };
		ADE71DBB1BEA3A5D0016A22F /* APIClient.swift */ = {isa = PBXFileReference; fileEncoding = 4; lastKnownFileType = sourcecode.swift; path = APIClient.swift; sourceTree = "<group>"; };
		ADE71DBD1BEA3A820016A22F /* DataManagerInterface.swift */ = {isa = PBXFileReference; fileEncoding = 4; lastKnownFileType = sourcecode.swift; path = DataManagerInterface.swift; sourceTree = "<group>"; };
		ADE71DC11BEA41000016A22F /* TVShow.swift */ = {isa = PBXFileReference; fileEncoding = 4; lastKnownFileType = sourcecode.swift; path = TVShow.swift; sourceTree = "<group>"; };
		ADE71DC31BEA435F0016A22F /* APIRouter.swift */ = {isa = PBXFileReference; fileEncoding = 4; lastKnownFileType = sourcecode.swift; path = APIRouter.swift; sourceTree = "<group>"; };
		ADE71DC61BEA482D0016A22F /* TVShowCell.swift */ = {isa = PBXFileReference; fileEncoding = 4; lastKnownFileType = sourcecode.swift; path = TVShowCell.swift; sourceTree = "<group>"; };
		BAE3613970254AB94861FCF3 /* Settings.bundle */ = {isa = PBXFileReference; includeInIndex = 1; lastKnownFileType = "wrapper.plug-in"; path = Settings.bundle; sourceTree = "<group>"; };
		BB8763A244D6C8E573C71441 /* Pods-HElabsChallenge.debug.xcconfig */ = {isa = PBXFileReference; includeInIndex = 1; lastKnownFileType = text.xcconfig; name = "Pods-HElabsChallenge.debug.xcconfig"; path = "Pods/Target Support Files/Pods-HElabsChallenge/Pods-HElabsChallenge.debug.xcconfig"; sourceTree = "<group>"; };
		C7B3F029152CC63D2D862F02 /* Assets.xcassets */ = {isa = PBXFileReference; includeInIndex = 1; lastKnownFileType = folder.assetcatalog; path = Assets.xcassets; sourceTree = "<group>"; };
		CBCCB1DA844CB6CC135BFBBC /* HElabsChallenge.app */ = {isa = PBXFileReference; explicitFileType = wrapper.application; includeInIndex = 0; path = HElabsChallenge.app; sourceTree = BUILT_PRODUCTS_DIR; };
		FD5E7B65BAD05A927155A4DD /* UnitTests.xctest */ = {isa = PBXFileReference; explicitFileType = wrapper.cfbundle; includeInIndex = 0; path = UnitTests.xctest; sourceTree = BUILT_PRODUCTS_DIR; };
/* End PBXFileReference section */

/* Begin PBXFrameworksBuildPhase section */
		1658A497BC6371405DCF2587 /* Frameworks */ = {
			isa = PBXFrameworksBuildPhase;
			buildActionMask = 2147483647;
			files = (
				AE83B50CFDD9708AEEE2AC1C /* Pods_unit_tests.framework in Frameworks */,
			);
			runOnlyForDeploymentPostprocessing = 0;
		};
		425E95E49039C018CA2D39E3 /* Frameworks */ = {
			isa = PBXFrameworksBuildPhase;
			buildActionMask = 2147483647;
			files = (
				179B00CCAFB89572EF91E018 /* Foundation.framework in Frameworks */,
				E19320328541A763BD37ECAC /* Pods_HElabsChallenge.framework in Frameworks */,
			);
			runOnlyForDeploymentPostprocessing = 0;
		};
/* End PBXFrameworksBuildPhase section */

/* Begin PBXGroup section */
		140A79E724B7D958109E16FA /* Products */ = {
			isa = PBXGroup;
			children = (
				CBCCB1DA844CB6CC135BFBBC /* HElabsChallenge.app */,
				FD5E7B65BAD05A927155A4DD /* UnitTests.xctest */,
			);
			name = Products;
			sourceTree = "<group>";
		};
		147F462BE01FC93633DCADAE = {
			isa = PBXGroup;
			children = (
				15D8E8BDD03A2FA127F0F12A /* Frameworks */,
				FA0F231827DA33B030652AED /* HElabsChallenge */,
				5F06A411FBDCED7DAC8B2E64 /* Pods */,
				140A79E724B7D958109E16FA /* Products */,
				C2D7CB2F5D112457B0D9E561 /* UnitTests */,
			);
			indentWidth = 4;
			sourceTree = "<group>";
			tabWidth = 4;
			usesTabs = 0;
		};
		15D8E8BDD03A2FA127F0F12A /* Frameworks */ = {
			isa = PBXGroup;
			children = (
				ED4CC628F01ADFB5A59C8B12 /* iOS */,
				1D1A525E8DE1852CE8F97307 /* Pods_HElabsChallenge.framework */,
				2A6D6BCEF69E32030CED8900 /* Pods_unit_tests.framework */,
			);
			name = Frameworks;
			sourceTree = "<group>";
		};
		39D80D65EB08B8B5BB99AB7D /* Common */ = {
			isa = PBXGroup;
			children = (
			);
			path = Common;
			sourceTree = "<group>";
		};
		4955B021865D8D25F5F6819E /* Storyboards */ = {
			isa = PBXGroup;
			children = (
				ADE71DB71BEA2AD80016A22F /* List Shows */,
				71A63FA2705E604F67D573FA /* LaunchScreen.storyboard */,
				582027580B043A3DFFE59072 /* Main.storyboard */,
			);
			path = Storyboards;
			sourceTree = "<group>";
		};
		4DBDA77806A7B1627AEF9444 /* Resources */ = {
			isa = PBXGroup;
			children = (
				0A3B8F88404FEF24D59A1A2B /* UnitTests-Info.plist */,
			);
			path = Resources;
			sourceTree = "<group>";
		};
		5C397EBCFFE4899226EFE563 /* Supporting Files */ = {
			isa = PBXGroup;
			children = (
				42EC8AACED8DD39EA53DB3AF /* Info.plist */,
				AD05C1EC1BECDB6B000DA53F /* HElabsChallengeModel.xcdatamodeld */,
			);
			path = "Supporting Files";
			sourceTree = "<group>";
		};
		5F06A411FBDCED7DAC8B2E64 /* Pods */ = {
			isa = PBXGroup;
			children = (
				1B503046987A3DD53EC44C70 /* Pods-unit_tests.release.xcconfig */,
				22CDB03F371CDC4C0312B9BD /* Pods-unit_tests.debug.xcconfig */,
				4E3EB7FD928D54CF83F91D30 /* Pods-HElabsChallenge.release.xcconfig */,
				BB8763A244D6C8E573C71441 /* Pods-HElabsChallenge.debug.xcconfig */,
			);
			name = Pods;
			sourceTree = "<group>";
		};
		7684C25380EF623A95E053A5 /* Modules */ = {
			isa = PBXGroup;
			children = (
				AD07E9221BEAA02E009AC13B /* TVShow Detail */,
				ADE71DA51BEA29080016A22F /* List Shows */,
				ADE71DA21BEA282E0016A22F /* Root */,
			);
			path = Modules;
			sourceTree = "<group>";
		};
		7ACBA19F34008C0983C26FC3 /* Common */ = {
			isa = PBXGroup;
			children = (
				AD05C1EF1BECDBD1000DA53F /* CoreData */,
				ADE71DBA1BEA3A430016A22F /* DataManager */,
				ADE71DA01BEA27E10016A22F /* DIContainer.swift */,
			);
			path = Common;
			sourceTree = "<group>";
		};
		907EDCCB0D57578FE7D3A7B0 /* Tests */ = {
			isa = PBXGroup;
			children = (
			);
			path = Tests;
			sourceTree = "<group>";
		};
		936BEBEB381644392E89B95E /* AppDelegate */ = {
			isa = PBXGroup;
			children = (
				2C20CCA0286440486636BD84 /* AppDelegate.swift */,
			);
			path = AppDelegate;
			sourceTree = "<group>";
		};
		AD05C1EF1BECDBD1000DA53F /* CoreData */ = {
			isa = PBXGroup;
			children = (
				AD05C1F21BECEADD000DA53F /* Entity */,
				AD05C1F01BECDC35000DA53F /* CoreDataStack.swift */,
			);
			path = CoreData;
			sourceTree = "<group>";
		};
		AD05C1F21BECEADD000DA53F /* Entity */ = {
			isa = PBXGroup;
			children = (
				AD05C1F31BECEAF9000DA53F /* FavoriteShowModel.swift */,
			);
			path = Entity;
			sourceTree = "<group>";
		};
		AD07E9221BEAA02E009AC13B /* TVShow Detail */ = {
			isa = PBXGroup;
			children = (
				AD07E9231BEAA02E009AC13B /* Business Logic */,
				AD07E9241BEAA02E009AC13B /* View */,
				AD07E9251BEAA02E009AC13B /* Wireframe */,
			);
			path = "TVShow Detail";
			sourceTree = "<group>";
		};
		AD07E9231BEAA02E009AC13B /* Business Logic */ = {
			isa = PBXGroup;
			children = (
				AD07E92A1BEAA057009AC13B /* ShowDetailInteractor.swift */,
				AD07E9281BEAA04F009AC13B /* ShowDetailInteractorIO.swift */,
			);
			path = "Business Logic";
			sourceTree = "<group>";
		};
		AD07E9241BEAA02E009AC13B /* View */ = {
			isa = PBXGroup;
			children = (
				AD07E92C1BEAA060009AC13B /* ShowDetailPresenter.swift */,
				AD07E92E1BEAA069009AC13B /* ShowDetailInterface.swift */,
				AD07E9301BEAA077009AC13B /* ShowDetailVC.swift */,
				AD14DF371BEB9F46006A9F78 /* ShowDetailViewModel.swift */,
			);
			path = View;
			sourceTree = "<group>";
		};
		AD07E9251BEAA02E009AC13B /* Wireframe */ = {
			isa = PBXGroup;
			children = (
				AD07E9261BEAA043009AC13B /* ShowDetailWireframe.swift */,
			);
			path = Wireframe;
			sourceTree = "<group>";
		};
		ADE71DA21BEA282E0016A22F /* Root */ = {
			isa = PBXGroup;
			children = (
				ADE71DA31BEA28470016A22F /* RootWireframe.swift */,
			);
			path = Root;
			sourceTree = "<group>";
		};
		ADE71DA51BEA29080016A22F /* List Shows */ = {
			isa = PBXGroup;
			children = (
				ADE71DA61BEA29230016A22F /* Business Logic */,
				ADE71DA81BEA293A0016A22F /* View */,
				ADE71DA71BEA292C0016A22F /* Wireframe */,
			);
			path = "List Shows";
			sourceTree = "<group>";
		};
		ADE71DA61BEA29230016A22F /* Business Logic */ = {
			isa = PBXGroup;
			children = (
				ADE71DAD1BEA2A310016A22F /* ListShowsInteractor.swift */,
				ADE71DAB1BEA2A260016A22F /* ListShowsInteractorIO.swift */,
			);
			path = "Business Logic";
			sourceTree = "<group>";
		};
		ADE71DA71BEA292C0016A22F /* Wireframe */ = {
			isa = PBXGroup;
			children = (
				ADE71DA91BEA295D0016A22F /* ListShowsWireframe.swift */,
			);
			path = Wireframe;
			sourceTree = "<group>";
		};
		ADE71DA81BEA293A0016A22F /* View */ = {
			isa = PBXGroup;
			children = (
				ADE71DC51BEA481D0016A22F /* Custom Cells */,
				ADE71DB11BEA2A5D0016A22F /* ListShowsInterface.swift */,
				ADE71DAF1BEA2A3E0016A22F /* ListShowsPresenter.swift */,
				ADE71DB51BEA2A7A0016A22F /* ListShowsVC.swift */,
				ADE71DB31BEA2A680016A22F /* ListShowsViewModel.swift */,
			);
			path = View;
			sourceTree = "<group>";
		};
		ADE71DB71BEA2AD80016A22F /* List Shows */ = {
			isa = PBXGroup;
			children = (
				ADE71DB81BEA2B080016A22F /* ListShows.storyboard */,
			);
			path = "List Shows";
			sourceTree = "<group>";
		};
		ADE71DBA1BEA3A430016A22F /* DataManager */ = {
			isa = PBXGroup;
			children = (
				ADE71DC01BEA40F20016A22F /* Model */,
				ADE71DC31BEA435F0016A22F /* APIRouter.swift */,
				ADE71DBB1BEA3A5D0016A22F /* APIClient.swift */,
				ADE71DBD1BEA3A820016A22F /* DataManagerInterface.swift */,
			);
			path = DataManager;
			sourceTree = "<group>";
		};
		ADE71DC01BEA40F20016A22F /* Model */ = {
			isa = PBXGroup;
			children = (
				ADE71DC11BEA41000016A22F /* TVShow.swift */,
				AD14DF3D1BEBC4AB006A9F78 /* Episode.swift */,
			);
			path = Model;
			sourceTree = "<group>";
		};
		ADE71DC51BEA481D0016A22F /* Custom Cells */ = {
			isa = PBXGroup;
			children = (
				ADE71DC61BEA482D0016A22F /* TVShowCell.swift */,
			);
			path = "Custom Cells";
			sourceTree = "<group>";
		};
		C2D7CB2F5D112457B0D9E561 /* UnitTests */ = {
			isa = PBXGroup;
			children = (
				39D80D65EB08B8B5BB99AB7D /* Common */,
				4DBDA77806A7B1627AEF9444 /* Resources */,
				907EDCCB0D57578FE7D3A7B0 /* Tests */,
			);
			path = UnitTests;
			sourceTree = "<group>";
		};
		C663643C088E1B4F1A919A80 /* Fonts */ = {
			isa = PBXGroup;
			children = (
			);
			path = Fonts;
			sourceTree = "<group>";
		};
		E5BA02F8A0BA3A645A94F7CA /* Resources */ = {
			isa = PBXGroup;
			children = (
				C663643C088E1B4F1A919A80 /* Fonts */,
				4955B021865D8D25F5F6819E /* Storyboards */,
				C7B3F029152CC63D2D862F02 /* Assets.xcassets */,
				BAE3613970254AB94861FCF3 /* Settings.bundle */,
			);
			path = Resources;
			sourceTree = "<group>";
		};
		ED4CC628F01ADFB5A59C8B12 /* iOS */ = {
			isa = PBXGroup;
			children = (
				5C848E86E3C859CC5B5E7DB6 /* Foundation.framework */,
			);
			name = iOS;
			sourceTree = "<group>";
		};
		FA0F231827DA33B030652AED /* HElabsChallenge */ = {
			isa = PBXGroup;
			children = (
				936BEBEB381644392E89B95E /* AppDelegate */,
				7ACBA19F34008C0983C26FC3 /* Common */,
				7684C25380EF623A95E053A5 /* Modules */,
				E5BA02F8A0BA3A645A94F7CA /* Resources */,
				5C397EBCFFE4899226EFE563 /* Supporting Files */,
			);
			path = HElabsChallenge;
			sourceTree = "<group>";
		};
/* End PBXGroup section */

/* Begin PBXNativeTarget section */
		5B48B997EBB8033BCD89AA7D /* HElabsChallenge */ = {
			isa = PBXNativeTarget;
			buildConfigurationList = 3EDF4A6CDC902ED73A9F0614 /* Build configuration list for PBXNativeTarget "HElabsChallenge" */;
			buildPhases = (
				EA5B93D935ACA1D53D51312F /* Check Pods Manifest.lock */,
				3701D3F36F1EACA07AF0C71C /* Sources */,
				425E95E49039C018CA2D39E3 /* Frameworks */,
				B5757C92AAE207FF4C44F443 /* Resources */,
				98713F61AC2DF2CB46715949 /* Set version number */,
				C02F15E670B29E4C05991E4D /* Embed Pods Frameworks */,
				4CDF7F074D82F58185A4C8A9 /* Copy Pods Resources */,
			);
			buildRules = (
			);
			dependencies = (
			);
			name = HElabsChallenge;
			productName = HElabsChallenge;
			productReference = CBCCB1DA844CB6CC135BFBBC /* HElabsChallenge.app */;
			productType = "com.apple.product-type.application";
		};
		E02ADFAD9F57BDF3E4280373 /* UnitTests */ = {
			isa = PBXNativeTarget;
			buildConfigurationList = 883CBFB1B48478117DC37FD5 /* Build configuration list for PBXNativeTarget "UnitTests" */;
			buildPhases = (
				3CCD04F1A7D4181FFAF186A5 /* Check Pods Manifest.lock */,
				FD6D7760A4A55FAE33A0BE60 /* Sources */,
				1658A497BC6371405DCF2587 /* Frameworks */,
				F472F82F4B81C74A95E0FE21 /* Resources */,
				4AFC7C05CB4D2AC13A4BE3EF /* Embed Pods Frameworks */,
				E75A70B5AC8BDAAC8699065A /* Copy Pods Resources */,
			);
			buildRules = (
			);
			dependencies = (
				733D29EE137853C1A50D4DD0 /* PBXTargetDependency */,
			);
			name = UnitTests;
			productName = UnitTests;
			productReference = FD5E7B65BAD05A927155A4DD /* UnitTests.xctest */;
			productType = "com.apple.product-type.bundle.unit-test";
		};
/* End PBXNativeTarget section */

/* Begin PBXProject section */
		1291BAF489AC3D6A12421EB6 /* Project object */ = {
			isa = PBXProject;
			attributes = {
				CLASSPREFIX = "";
				LastSwiftUpdateCheck = 0700;
				LastUpgradeCheck = 0710;
				ORGANIZATIONNAME = HElabs;
			};
			buildConfigurationList = D3651EA8C579D6EE876C4E3E /* Build configuration list for PBXProject "HElabsChallenge" */;
			compatibilityVersion = "Xcode 3.2";
			developmentRegion = English;
			hasScannedForEncodings = 0;
			knownRegions = (
				en,
			);
			mainGroup = 147F462BE01FC93633DCADAE;
			productRefGroup = 140A79E724B7D958109E16FA /* Products */;
			projectDirPath = "";
			projectRoot = "";
			targets = (
				5B48B997EBB8033BCD89AA7D /* HElabsChallenge */,
				E02ADFAD9F57BDF3E4280373 /* UnitTests */,
			);
		};
/* End PBXProject section */

/* Begin PBXResourcesBuildPhase section */
		B5757C92AAE207FF4C44F443 /* Resources */ = {
			isa = PBXResourcesBuildPhase;
			buildActionMask = 2147483647;
			files = (
				AFAE2D2859301AE54FB6B045 /* Main.storyboard in Resources */,
				2DBAC5DABFA8CAD3ECFCA8CE /* LaunchScreen.storyboard in Resources */,
				B824AF4A33B31BDDD38AFE54 /* Assets.xcassets in Resources */,
				169EE6A364D552D60A30B5AC /* Settings.bundle in Resources */,
				ADE71DB91BEA2B080016A22F /* ListShows.storyboard in Resources */,
			);
			runOnlyForDeploymentPostprocessing = 0;
		};
		F472F82F4B81C74A95E0FE21 /* Resources */ = {
			isa = PBXResourcesBuildPhase;
			buildActionMask = 2147483647;
			files = (
			);
			runOnlyForDeploymentPostprocessing = 0;
		};
/* End PBXResourcesBuildPhase section */

/* Begin PBXShellScriptBuildPhase section */
		3CCD04F1A7D4181FFAF186A5 /* Check Pods Manifest.lock */ = {
			isa = PBXShellScriptBuildPhase;
			buildActionMask = 2147483647;
			files = (
			);
			inputPaths = (
			);
			name = "Check Pods Manifest.lock";
			outputPaths = (
			);
			runOnlyForDeploymentPostprocessing = 0;
			shellPath = /bin/sh;
			shellScript = "diff \"${PODS_ROOT}/../Podfile.lock\" \"${PODS_ROOT}/Manifest.lock\" > /dev/null\nif [[ $? != 0 ]] ; then\n    cat << EOM\nerror: The sandbox is not in sync with the Podfile.lock. Run 'pod install' or update your CocoaPods installation.\nEOM\n    exit 1\nfi\n";
			showEnvVarsInLog = 0;
		};
		4AFC7C05CB4D2AC13A4BE3EF /* Embed Pods Frameworks */ = {
			isa = PBXShellScriptBuildPhase;
			buildActionMask = 2147483647;
			files = (
			);
			inputPaths = (
			);
			name = "Embed Pods Frameworks";
			outputPaths = (
			);
			runOnlyForDeploymentPostprocessing = 0;
			shellPath = /bin/sh;
			shellScript = "\"${SRCROOT}/Pods/Target Support Files/Pods-unit_tests/Pods-unit_tests-frameworks.sh\"\n";
			showEnvVarsInLog = 0;
		};
		4CDF7F074D82F58185A4C8A9 /* Copy Pods Resources */ = {
			isa = PBXShellScriptBuildPhase;
			buildActionMask = 2147483647;
			files = (
			);
			inputPaths = (
			);
			name = "Copy Pods Resources";
			outputPaths = (
			);
			runOnlyForDeploymentPostprocessing = 0;
			shellPath = /bin/sh;
			shellScript = "\"${SRCROOT}/Pods/Target Support Files/Pods-HElabsChallenge/Pods-HElabsChallenge-resources.sh\"\n";
			showEnvVarsInLog = 0;
		};
		98713F61AC2DF2CB46715949 /* Set version number */ = {
			isa = PBXShellScriptBuildPhase;
			buildActionMask = 2147483647;
			files = (
			);
			inputPaths = (
			);
			name = "Set version number";
			outputPaths = (
			);
			runOnlyForDeploymentPostprocessing = 0;
			shellPath = /bin/sh;
			shellScript = "git=$(sh /etc/profile; which git)\ngit_release_version=$(\"$git\" describe --tags --always --abbrev=0)\nnumber_of_commits=$(\"$git\" rev-list master --count)\ntarget_plist=\"$TARGET_BUILD_DIR/$INFOPLIST_PATH\"\ndsym_plist=\"$DWARF_DSYM_FOLDER_PATH/$DWARF_DSYM_FILE_NAME/Contents/Info.plist\"\n\nfor plist in \"$target_plist\" \"$dsym_plist\"; do\n  if [ -f \"$plist\" ]; then\n    /usr/libexec/PlistBuddy -c \"Set :CFBundleVersion $number_of_commits\" \"$plist\"\n    /usr/libexec/PlistBuddy -c \"Set :CFBundleShortVersionString ${git_release_version#*v}\" \"$plist\"\n  fi\ndone\n";
		};
		C02F15E670B29E4C05991E4D /* Embed Pods Frameworks */ = {
			isa = PBXShellScriptBuildPhase;
			buildActionMask = 2147483647;
			files = (
			);
			inputPaths = (
			);
			name = "Embed Pods Frameworks";
			outputPaths = (
			);
			runOnlyForDeploymentPostprocessing = 0;
			shellPath = /bin/sh;
			shellScript = "\"${SRCROOT}/Pods/Target Support Files/Pods-HElabsChallenge/Pods-HElabsChallenge-frameworks.sh\"\n";
			showEnvVarsInLog = 0;
		};
		E75A70B5AC8BDAAC8699065A /* Copy Pods Resources */ = {
			isa = PBXShellScriptBuildPhase;
			buildActionMask = 2147483647;
			files = (
			);
			inputPaths = (
			);
			name = "Copy Pods Resources";
			outputPaths = (
			);
			runOnlyForDeploymentPostprocessing = 0;
			shellPath = /bin/sh;
			shellScript = "\"${SRCROOT}/Pods/Target Support Files/Pods-unit_tests/Pods-unit_tests-resources.sh\"\n";
			showEnvVarsInLog = 0;
		};
		EA5B93D935ACA1D53D51312F /* Check Pods Manifest.lock */ = {
			isa = PBXShellScriptBuildPhase;
			buildActionMask = 2147483647;
			files = (
			);
			inputPaths = (
			);
			name = "Check Pods Manifest.lock";
			outputPaths = (
			);
			runOnlyForDeploymentPostprocessing = 0;
			shellPath = /bin/sh;
			shellScript = "diff \"${PODS_ROOT}/../Podfile.lock\" \"${PODS_ROOT}/Manifest.lock\" > /dev/null\nif [[ $? != 0 ]] ; then\n    cat << EOM\nerror: The sandbox is not in sync with the Podfile.lock. Run 'pod install' or update your CocoaPods installation.\nEOM\n    exit 1\nfi\n";
			showEnvVarsInLog = 0;
		};
/* End PBXShellScriptBuildPhase section */

/* Begin PBXSourcesBuildPhase section */
		3701D3F36F1EACA07AF0C71C /* Sources */ = {
			isa = PBXSourcesBuildPhase;
			buildActionMask = 2147483647;
			files = (
				ADE71DC21BEA41000016A22F /* TVShow.swift in Sources */,
				ADE71DAC1BEA2A260016A22F /* ListShowsInteractorIO.swift in Sources */,
				ADE71DA11BEA27E10016A22F /* DIContainer.swift in Sources */,
				ADE71DAA1BEA295D0016A22F /* ListShowsWireframe.swift in Sources */,
				AD07E9291BEAA04F009AC13B /* ShowDetailInteractorIO.swift in Sources */,
				ADE71DB61BEA2A7A0016A22F /* ListShowsVC.swift in Sources */,
				AD07E9311BEAA077009AC13B /* ShowDetailVC.swift in Sources */,
				AD07E92B1BEAA057009AC13B /* ShowDetailInteractor.swift in Sources */,
				ADE71DB01BEA2A3E0016A22F /* ListShowsPresenter.swift in Sources */,
				ADE71DB21BEA2A5D0016A22F /* ListShowsInterface.swift in Sources */,
				ADE71DC41BEA435F0016A22F /* APIRouter.swift in Sources */,
				3BE6AE63794269F1846C7036 /* AppDelegate.swift in Sources */,
				AD05C1F41BECEAF9000DA53F /* FavoriteShowModel.swift in Sources */,
				ADE71DBC1BEA3A5D0016A22F /* APIClient.swift in Sources */,
				AD07E92D1BEAA060009AC13B /* ShowDetailPresenter.swift in Sources */,
				AD14DF3E1BEBC4AB006A9F78 /* Episode.swift in Sources */,
				AD07E9271BEAA043009AC13B /* ShowDetailWireframe.swift in Sources */,
				ADE71DB41BEA2A680016A22F /* ListShowsViewModel.swift in Sources */,
				AD14DF381BEB9F46006A9F78 /* ShowDetailViewModel.swift in Sources */,
				ADE71DA41BEA28470016A22F /* RootWireframe.swift in Sources */,
				ADE71DAE1BEA2A310016A22F /* ListShowsInteractor.swift in Sources */,
				AD05C1F11BECDC35000DA53F /* CoreDataStack.swift in Sources */,
				AD05C1EE1BECDB6B000DA53F /* HElabsChallengeModel.xcdatamodeld in Sources */,
				AD07E92F1BEAA069009AC13B /* ShowDetailInterface.swift in Sources */,
				ADE71DBE1BEA3A820016A22F /* DataManagerInterface.swift in Sources */,
				ADE71DC71BEA482D0016A22F /* TVShowCell.swift in Sources */,
			);
			runOnlyForDeploymentPostprocessing = 0;
		};
		FD6D7760A4A55FAE33A0BE60 /* Sources */ = {
			isa = PBXSourcesBuildPhase;
			buildActionMask = 2147483647;
			files = (
			);
			runOnlyForDeploymentPostprocessing = 0;
		};
/* End PBXSourcesBuildPhase section */

/* Begin PBXTargetDependency section */
		733D29EE137853C1A50D4DD0 /* PBXTargetDependency */ = {
			isa = PBXTargetDependency;
			name = HElabsChallenge;
			target = 5B48B997EBB8033BCD89AA7D /* HElabsChallenge */;
			targetProxy = 1E3D28C04AC18BE777036E71 /* PBXContainerItemProxy */;
		};
/* End PBXTargetDependency section */

/* Begin XCBuildConfiguration section */
		4D2D6743F438F6924CEC8151 /* Release */ = {
			isa = XCBuildConfiguration;
			buildSettings = {
				ALWAYS_SEARCH_USER_PATHS = NO;
				ASSETCATALOG_COMPILER_APPICON_NAME = AppIcon;
				CLANG_CXX_LANGUAGE_STANDARD = "gnu++0x";
				CLANG_CXX_LIBRARY = "libc++";
				CLANG_ENABLE_MODULES = YES;
				CLANG_ENABLE_OBJC_ARC = YES;
				CLANG_WARN_BOOL_CONVERSION = YES;
				CLANG_WARN_CONSTANT_CONVERSION = YES;
				CLANG_WARN_DEPRECATED_OBJC_IMPLEMENTATIONS = YES;
				CLANG_WARN_DIRECT_OBJC_ISA_USAGE = YES;
				CLANG_WARN_EMPTY_BODY = YES;
				CLANG_WARN_ENUM_CONVERSION = YES;
				CLANG_WARN_INT_CONVERSION = YES;
				CLANG_WARN_OBJC_IMPLICIT_RETAIN_SELF = YES;
				CLANG_WARN_OBJC_ROOT_CLASS = YES;
				CLANG_WARN_SUSPICIOUS_IMPLICIT_CONVERSION = YES;
				CLANG_WARN_UNREACHABLE_CODE = YES;
				CLANG_WARN__DUPLICATE_METHOD_MATCH = YES;
				"CODE_SIGN_IDENTITY[sdk=iphoneos*]" = "iPhone Developer";
				COPY_PHASE_STRIP = YES;
				ENABLE_NS_ASSERTIONS = NO;
				GCC_C_LANGUAGE_STANDARD = gnu99;
				GCC_WARN_64_TO_32_BIT_CONVERSION = YES;
				GCC_WARN_ABOUT_DEPRECATED_FUNCTIONS = YES;
				GCC_WARN_ABOUT_MISSING_FIELD_INITIALIZERS = YES;
				GCC_WARN_ABOUT_MISSING_NEWLINE = YES;
				GCC_WARN_ABOUT_RETURN_TYPE = YES;
				GCC_WARN_CHECK_SWITCH_STATEMENTS = YES;
				GCC_WARN_INITIALIZER_NOT_FULLY_BRACKETED = YES;
				GCC_WARN_MISSING_PARENTHESES = YES;
				GCC_WARN_SHADOW = YES;
				GCC_WARN_SIGN_COMPARE = YES;
				GCC_WARN_TYPECHECK_CALLS_TO_PRINTF = YES;
				GCC_WARN_UNDECLARED_SELECTOR = YES;
				GCC_WARN_UNINITIALIZED_AUTOS = YES;
				GCC_WARN_UNUSED_FUNCTION = YES;
				GCC_WARN_UNUSED_LABEL = YES;
				GCC_WARN_UNUSED_VALUE = YES;
				GCC_WARN_UNUSED_VARIABLE = YES;
				IPHONEOS_DEPLOYMENT_TARGET = 8.0;
				RUN_CLANG_STATIC_ANALYZER = YES;
				SDKROOT = iphoneos;
				VALIDATE_PRODUCT = YES;
			};
			name = Release;
		};
		65F66EB3CFFEFF88BFAB4C04 /* Debug */ = {
			isa = XCBuildConfiguration;
			baseConfigurationReference = 22CDB03F371CDC4C0312B9BD /* Pods-unit_tests.debug.xcconfig */;
			buildSettings = {
				BUNDLE_LOADER = "$(BUILT_PRODUCTS_DIR)/HElabsChallenge.app/HElabsChallenge";
				ENABLE_STRICT_OBJC_MSGSEND = YES;
				FRAMEWORK_SEARCH_PATHS = (
					"$(SDKROOT)/Developer/Library/Frameworks",
					"$(inherited)",
					"$(DEVELOPER_FRAMEWORKS_DIR)",
				);
				INFOPLIST_FILE = "UnitTests/Resources/UnitTests-Info.plist";
				PRODUCT_BUNDLE_IDENTIFIER = "com.helabs.${PRODUCT_NAME:rfc1034identifier}";
				PRODUCT_NAME = "$(TARGET_NAME)";
				SDKROOT = iphoneos;
				SKIP_INSTALL = YES;
				TEST_HOST = "$(BUNDLE_LOADER)";
				WRAPPER_EXTENSION = xctest;
			};
			name = Debug;
		};
		C5D458C541BE48D11D48BC9B /* Debug */ = {
			isa = XCBuildConfiguration;
			buildSettings = {
				ALWAYS_SEARCH_USER_PATHS = NO;
				ASSETCATALOG_COMPILER_APPICON_NAME = AppIcon;
				CLANG_CXX_LANGUAGE_STANDARD = "gnu++0x";
				CLANG_CXX_LIBRARY = "libc++";
				CLANG_ENABLE_MODULES = YES;
				CLANG_ENABLE_OBJC_ARC = YES;
				CLANG_WARN_BOOL_CONVERSION = YES;
				CLANG_WARN_CONSTANT_CONVERSION = YES;
				CLANG_WARN_DEPRECATED_OBJC_IMPLEMENTATIONS = YES;
				CLANG_WARN_DIRECT_OBJC_ISA_USAGE = YES;
				CLANG_WARN_EMPTY_BODY = YES;
				CLANG_WARN_ENUM_CONVERSION = YES;
				CLANG_WARN_INT_CONVERSION = YES;
				CLANG_WARN_OBJC_IMPLICIT_RETAIN_SELF = YES;
				CLANG_WARN_OBJC_ROOT_CLASS = YES;
				CLANG_WARN_SUSPICIOUS_IMPLICIT_CONVERSION = YES;
				CLANG_WARN_UNREACHABLE_CODE = YES;
				CLANG_WARN__DUPLICATE_METHOD_MATCH = YES;
				"CODE_SIGN_IDENTITY[sdk=iphoneos*]" = "iPhone Developer";
				COPY_PHASE_STRIP = NO;
				ENABLE_TESTABILITY = YES;
				GCC_C_LANGUAGE_STANDARD = gnu99;
				GCC_DYNAMIC_NO_PIC = NO;
				GCC_OPTIMIZATION_LEVEL = 0;
				GCC_PREPROCESSOR_DEFINITIONS = (
					"DEBUG=1",
					"$(inherited)",
				);
				GCC_SYMBOLS_PRIVATE_EXTERN = NO;
				GCC_WARN_64_TO_32_BIT_CONVERSION = YES;
				GCC_WARN_ABOUT_DEPRECATED_FUNCTIONS = YES;
				GCC_WARN_ABOUT_MISSING_FIELD_INITIALIZERS = YES;
				GCC_WARN_ABOUT_MISSING_NEWLINE = YES;
				GCC_WARN_ABOUT_RETURN_TYPE = YES;
				GCC_WARN_CHECK_SWITCH_STATEMENTS = YES;
				GCC_WARN_INITIALIZER_NOT_FULLY_BRACKETED = YES;
				GCC_WARN_MISSING_PARENTHESES = YES;
				GCC_WARN_SHADOW = YES;
				GCC_WARN_SIGN_COMPARE = YES;
				GCC_WARN_TYPECHECK_CALLS_TO_PRINTF = YES;
				GCC_WARN_UNDECLARED_SELECTOR = YES;
				GCC_WARN_UNINITIALIZED_AUTOS = YES;
				GCC_WARN_UNUSED_FUNCTION = YES;
				GCC_WARN_UNUSED_LABEL = YES;
				GCC_WARN_UNUSED_VALUE = YES;
				GCC_WARN_UNUSED_VARIABLE = YES;
				IPHONEOS_DEPLOYMENT_TARGET = 8.0;
				ONLY_ACTIVE_ARCH = YES;
				RUN_CLANG_STATIC_ANALYZER = YES;
				SDKROOT = iphoneos;
			};
			name = Debug;
		};
		CC73EACCF10296DB03C21E40 /* Release */ = {
			isa = XCBuildConfiguration;
			baseConfigurationReference = 1B503046987A3DD53EC44C70 /* Pods-unit_tests.release.xcconfig */;
			buildSettings = {
				BUNDLE_LOADER = "$(BUILT_PRODUCTS_DIR)/HElabsChallenge.app/HElabsChallenge";
				ENABLE_STRICT_OBJC_MSGSEND = YES;
				FRAMEWORK_SEARCH_PATHS = (
					"$(SDKROOT)/Developer/Library/Frameworks",
					"$(inherited)",
					"$(DEVELOPER_FRAMEWORKS_DIR)",
				);
				INFOPLIST_FILE = "UnitTests/Resources/UnitTests-Info.plist";
				PRODUCT_BUNDLE_IDENTIFIER = "com.helabs.${PRODUCT_NAME:rfc1034identifier}";
				PRODUCT_NAME = "$(TARGET_NAME)";
				SDKROOT = iphoneos;
				SKIP_INSTALL = YES;
				TEST_HOST = "$(BUNDLE_LOADER)";
				WRAPPER_EXTENSION = xctest;
			};
			name = Release;
		};
		E28A1C8B0FFAF4CE3B68E69A /* Debug */ = {
			isa = XCBuildConfiguration;
			baseConfigurationReference = BB8763A244D6C8E573C71441 /* Pods-HElabsChallenge.debug.xcconfig */;
			buildSettings = {
				ASSETCATALOG_COMPILER_APPICON_NAME = AppIcon;
				"CODE_SIGN_IDENTITY[sdk=iphoneos*]" = "iPhone Developer";
				ENABLE_STRICT_OBJC_MSGSEND = YES;
				INFOPLIST_FILE = "HElabsChallenge/Supporting Files/Info.plist";
				LD_RUNPATH_SEARCH_PATHS = "$(inherited) @executable_path/Frameworks";
				MTL_ENABLE_DEBUG_INFO = YES;
				PRODUCT_BUNDLE_IDENTIFIER = "com.helabs.${PRODUCT_NAME:rfc1034identifier}";
				PRODUCT_NAME = "$(TARGET_NAME)";
				SDKROOT = iphoneos;
			};
			name = Debug;
		};
		EC7CD195736A1AF71D4E6870 /* Release */ = {
			isa = XCBuildConfiguration;
			baseConfigurationReference = 4E3EB7FD928D54CF83F91D30 /* Pods-HElabsChallenge.release.xcconfig */;
			buildSettings = {
				ASSETCATALOG_COMPILER_APPICON_NAME = AppIcon;
				"CODE_SIGN_IDENTITY[sdk=iphoneos*]" = "iPhone Developer";
				ENABLE_STRICT_OBJC_MSGSEND = YES;
				GCC_TREAT_WARNINGS_AS_ERRORS = YES;
				INFOPLIST_FILE = "HElabsChallenge/Supporting Files/Info.plist";
				LD_RUNPATH_SEARCH_PATHS = "$(inherited) @executable_path/Frameworks";
				MTL_ENABLE_DEBUG_INFO = NO;
				PRODUCT_BUNDLE_IDENTIFIER = "com.helabs.${PRODUCT_NAME:rfc1034identifier}";
				PRODUCT_NAME = "$(TARGET_NAME)";
				SDKROOT = iphoneos;
			};
			name = Release;
		};
/* End XCBuildConfiguration section */

/* Begin XCConfigurationList section */
		3EDF4A6CDC902ED73A9F0614 /* Build configuration list for PBXNativeTarget "HElabsChallenge" */ = {
			isa = XCConfigurationList;
			buildConfigurations = (
				EC7CD195736A1AF71D4E6870 /* Release */,
				E28A1C8B0FFAF4CE3B68E69A /* Debug */,
			);
			defaultConfigurationIsVisible = 0;
			defaultConfigurationName = Release;
		};
		883CBFB1B48478117DC37FD5 /* Build configuration list for PBXNativeTarget "UnitTests" */ = {
			isa = XCConfigurationList;
			buildConfigurations = (
				CC73EACCF10296DB03C21E40 /* Release */,
				65F66EB3CFFEFF88BFAB4C04 /* Debug */,
			);
			defaultConfigurationIsVisible = 0;
			defaultConfigurationName = Release;
		};
		D3651EA8C579D6EE876C4E3E /* Build configuration list for PBXProject "HElabsChallenge" */ = {
			isa = XCConfigurationList;
			buildConfigurations = (
				C5D458C541BE48D11D48BC9B /* Debug */,
				4D2D6743F438F6924CEC8151 /* Release */,
			);
			defaultConfigurationIsVisible = 0;
			defaultConfigurationName = Release;
		};
/* End XCConfigurationList section */

/* Begin XCVersionGroup section */
		AD05C1EC1BECDB6B000DA53F /* HElabsChallengeModel.xcdatamodeld */ = {
			isa = XCVersionGroup;
			children = (
				AD05C1ED1BECDB6B000DA53F /* HElabsChallengeModel.xcdatamodel */,
			);
			currentVersion = AD05C1ED1BECDB6B000DA53F /* HElabsChallengeModel.xcdatamodel */;
			path = HElabsChallengeModel.xcdatamodeld;
			sourceTree = "<group>";
			versionGroupType = wrapper.xcdatamodel;
		};
/* End XCVersionGroup section */
	};
	rootObject = 1291BAF489AC3D6A12421EB6 /* Project object */;
}
